# THIS IS AN AUTOGENERATED FILE. DO NOT EDIT THIS FILE DIRECTLY.
# yarn lockfile v1


"@babel/runtime@^7.10.5", "@babel/runtime@^7.12.5", "@babel/runtime@^7.17.2":
  version "7.19.4"
  resolved "https://registry.npmjs.org/@babel/runtime/-/runtime-7.19.4.tgz"
  dependencies:
    regenerator-runtime "^0.13.4"

"@colors/colors@^1.5.0":
  version "1.5.0"
  resolved "https://registry.npmjs.org/@colors/colors/-/colors-1.5.0.tgz"

"@frakt-protocol/frakt-sdk@^0.7.11":
  version "0.7.11"
  resolved "https://registry.npmjs.org/@frakt-protocol/frakt-sdk/-/frakt-sdk-0.7.11.tgz"
  dependencies:
    "@project-serum/anchor" "0.24.2"
    "@raydium-io/raydium-sdk" "1.0.1-beta.46"
    lodash "^4.17.21"

"@frakters/raffle-sdk@^0.0.5":
  version "0.0.5"
  resolved "https://registry.npmjs.org/@frakters/raffle-sdk/-/raffle-sdk-0.0.5.tgz"
  dependencies:
    "@project-serum/anchor" "0.24.2"
    "@solana/web3.js" "^1.63.1"

"@noble/ed25519@^1.7.0":
  version "1.7.1"
  resolved "https://registry.npmjs.org/@noble/ed25519/-/ed25519-1.7.1.tgz"

"@noble/hashes@^1.1.2":
  version "1.1.3"
  resolved "https://registry.npmjs.org/@noble/hashes/-/hashes-1.1.3.tgz"

"@noble/secp256k1@^1.6.3":
  version "1.7.0"
  resolved "https://registry.npmjs.org/@noble/secp256k1/-/secp256k1-1.7.0.tgz"

"@project-serum/anchor@0.24.2":
  version "0.24.2"
  resolved "https://registry.npmjs.org/@project-serum/anchor/-/anchor-0.24.2.tgz"
  dependencies:
    "@project-serum/borsh" "^0.2.5"
    "@solana/web3.js" "^1.36.0"
    base64-js "^1.5.1"
    bn.js "^5.1.2"
    bs58 "^4.0.1"
    buffer-layout "^1.2.2"
    camelcase "^5.3.1"
    cross-fetch "^3.1.5"
    crypto-hash "^1.3.0"
    eventemitter3 "^4.0.7"
    js-sha256 "^0.9.0"
    pako "^2.0.3"
    snake-case "^3.0.4"
    toml "^3.0.0"

"@project-serum/borsh@^0.2.5":
  version "0.2.5"
  resolved "https://registry.npmjs.org/@project-serum/borsh/-/borsh-0.2.5.tgz"
  dependencies:
    bn.js "^5.1.2"
    buffer-layout "^1.2.0"

"@raydium-io/raydium-sdk@1.0.1-beta.46":
  version "1.0.1-beta.46"
  resolved "https://registry.npmjs.org/@raydium-io/raydium-sdk/-/raydium-sdk-1.0.1-beta.46.tgz"
  dependencies:
    "@colors/colors" "^1.5.0"
    "@solana/buffer-layout" "^3.0.0"
    "@solana/spl-token" "^0.1.8"
    big.js "^6.1.1"
    decimal.js-light "^2.5.1"
    fecha "^4.2.1"
    lodash "^4.17.21"
    toformat "^2.0.0"

"@solana/buffer-layout@^3.0.0":
  version "3.0.0"
  resolved "https://registry.npmjs.org/@solana/buffer-layout/-/buffer-layout-3.0.0.tgz"
  dependencies:
    buffer "~6.0.3"

"@solana/buffer-layout@^4.0.0":
  version "4.0.0"
  resolved "https://registry.npmjs.org/@solana/buffer-layout/-/buffer-layout-4.0.0.tgz"
  dependencies:
    buffer "~6.0.3"

"@solana/spl-token@^0.1.8":
  version "0.1.8"
  resolved "https://registry.npmjs.org/@solana/spl-token/-/spl-token-0.1.8.tgz"
  dependencies:
    "@babel/runtime" "^7.10.5"
    "@solana/web3.js" "^1.21.0"
    bn.js "^5.1.0"
    buffer "6.0.3"
    buffer-layout "^1.2.0"
    dotenv "10.0.0"

"@solana/web3.js@^1.21.0", "@solana/web3.js@^1.36.0", "@solana/web3.js@^1.63.1", "@solana/web3.js@^1.66.6":
  version "1.66.6"
  resolved "https://registry.yarnpkg.com/@solana/web3.js/-/web3.js-1.66.6.tgz#d9eb1a7ffe06a092fd7a456a7400b5c0e4415bd2"
  dependencies:
    "@babel/runtime" "^7.12.5"
    "@noble/ed25519" "^1.7.0"
    "@noble/hashes" "^1.1.2"
    "@noble/secp256k1" "^1.6.3"
    "@solana/buffer-layout" "^4.0.0"
    bigint-buffer "^1.1.5"
    bn.js "^5.0.0"
    borsh "^0.7.0"
    bs58 "^4.0.1"
    buffer "6.0.1"
    fast-stable-stringify "^1.0.0"
    jayson "^3.4.4"
    node-fetch "2"
    rpc-websockets "^7.5.0"
    superstruct "^0.14.2"

"@supercharge/fs@^3.4.0":
  version "3.4.0"
  resolved "https://registry.npmjs.org/@supercharge/fs/-/fs-3.4.0.tgz"
  dependencies:
    "@supercharge/goodies" "~1.10.0"
    "@types/fs-extra" "~9.0.12"
    "@types/proper-lockfile" "~4.1.2"
    "@types/recursive-readdir" "~2.2.0"
    fs-extra "~10.0.0"
    proper-lockfile "~4.1.2"
    recursive-readdir "~2.2.2"

"@supercharge/goodies@~1.10.0":
  version "1.10.1"
  resolved "https://registry.npmjs.org/@supercharge/goodies/-/goodies-1.10.1.tgz"

"@types/connect@^3.4.33":
  version "3.4.35"
  resolved "https://registry.npmjs.org/@types/connect/-/connect-3.4.35.tgz"
  dependencies:
    "@types/node" "*"

"@types/fs-extra@~9.0.12":
  version "9.0.13"
  resolved "https://registry.npmjs.org/@types/fs-extra/-/fs-extra-9.0.13.tgz"
  dependencies:
    "@types/node" "*"

"@types/node@*":
  version "18.11.4"
  resolved "https://registry.npmjs.org/@types/node/-/node-18.11.4.tgz"

"@types/node@^12.12.54":
  version "12.20.55"
  resolved "https://registry.npmjs.org/@types/node/-/node-12.20.55.tgz"

"@types/proper-lockfile@~4.1.2":
  version "4.1.2"
  resolved "https://registry.npmjs.org/@types/proper-lockfile/-/proper-lockfile-4.1.2.tgz"
  dependencies:
    "@types/retry" "*"

"@types/recursive-readdir@~2.2.0":
  version "2.2.1"
  resolved "https://registry.npmjs.org/@types/recursive-readdir/-/recursive-readdir-2.2.1.tgz"
  dependencies:
    "@types/node" "*"

"@types/retry@*":
  version "0.12.2"
  resolved "https://registry.npmjs.org/@types/retry/-/retry-0.12.2.tgz"

"@types/ws@^7.4.4":
  version "7.4.7"
  resolved "https://registry.npmjs.org/@types/ws/-/ws-7.4.7.tgz"
  dependencies:
    "@types/node" "*"

JSONStream@^1.3.5:
  version "1.3.5"
  resolved "https://registry.npmjs.org/JSONStream/-/JSONStream-1.3.5.tgz"
  dependencies:
    jsonparse "^1.2.0"
    through ">=2.2.7 <3"

asynckit@^0.4.0:
  version "0.4.0"
  resolved "https://registry.npmjs.org/asynckit/-/asynckit-0.4.0.tgz"

axios@^1.1.3:
  version "1.1.3"
  resolved "https://registry.npmjs.org/axios/-/axios-1.1.3.tgz"
  dependencies:
    follow-redirects "^1.15.0"
    form-data "^4.0.0"
    proxy-from-env "^1.1.0"

balanced-match@^1.0.0:
  version "1.0.2"
  resolved "https://registry.npmjs.org/balanced-match/-/balanced-match-1.0.2.tgz"

base-x@^3.0.2:
  version "3.0.9"
  resolved "https://registry.npmjs.org/base-x/-/base-x-3.0.9.tgz"
  dependencies:
    safe-buffer "^5.0.1"

base-x@^4.0.0:
  version "4.0.0"
  resolved "https://registry.npmjs.org/base-x/-/base-x-4.0.0.tgz"

base64-js@^1.3.1, base64-js@^1.5.1:
  version "1.5.1"
  resolved "https://registry.npmjs.org/base64-js/-/base64-js-1.5.1.tgz"

big.js@^6.1.1:
  version "6.2.1"
  resolved "https://registry.npmjs.org/big.js/-/big.js-6.2.1.tgz"

bigint-buffer@^1.1.5:
  version "1.1.5"
  resolved "https://registry.npmjs.org/bigint-buffer/-/bigint-buffer-1.1.5.tgz"
  dependencies:
    bindings "^1.3.0"

bindings@^1.3.0:
  version "1.5.0"
  resolved "https://registry.npmjs.org/bindings/-/bindings-1.5.0.tgz"
  dependencies:
    file-uri-to-path "1.0.0"

bn.js@^5.0.0, bn.js@^5.1.0, bn.js@^5.1.2, bn.js@^5.2.0:
  version "5.2.1"
  resolved "https://registry.npmjs.org/bn.js/-/bn.js-5.2.1.tgz"

borsh@^0.7.0:
  version "0.7.0"
  resolved "https://registry.npmjs.org/borsh/-/borsh-0.7.0.tgz"
  dependencies:
    bn.js "^5.2.0"
    bs58 "^4.0.0"
    text-encoding-utf-8 "^1.0.2"

brace-expansion@^1.1.7:
  version "1.1.11"
  resolved "https://registry.npmjs.org/brace-expansion/-/brace-expansion-1.1.11.tgz"
  dependencies:
    balanced-match "^1.0.0"
    concat-map "0.0.1"

bs58@^4.0.0, bs58@^4.0.1:
  version "4.0.1"
  resolved "https://registry.npmjs.org/bs58/-/bs58-4.0.1.tgz"
  dependencies:
    base-x "^3.0.2"

bs58@^5.0.0:
  version "5.0.0"
  resolved "https://registry.npmjs.org/bs58/-/bs58-5.0.0.tgz"
  dependencies:
    base-x "^4.0.0"

buffer-layout@^1.2.0, buffer-layout@^1.2.2:
  version "1.2.2"
  resolved "https://registry.npmjs.org/buffer-layout/-/buffer-layout-1.2.2.tgz"

buffer@6.0.1:
  version "6.0.1"
  resolved "https://registry.npmjs.org/buffer/-/buffer-6.0.1.tgz"
  dependencies:
    base64-js "^1.3.1"
    ieee754 "^1.2.1"

buffer@6.0.3, buffer@~6.0.3:
  version "6.0.3"
  resolved "https://registry.npmjs.org/buffer/-/buffer-6.0.3.tgz"
  dependencies:
    base64-js "^1.3.1"
    ieee754 "^1.2.1"

bufferutil@^4.0.1:
  version "4.0.7"
  resolved "https://registry.npmjs.org/bufferutil/-/bufferutil-4.0.7.tgz"
  dependencies:
    node-gyp-build "^4.3.0"

camelcase@^5.3.1:
  version "5.3.1"
  resolved "https://registry.npmjs.org/camelcase/-/camelcase-5.3.1.tgz"

combined-stream@^1.0.8:
  version "1.0.8"
  resolved "https://registry.npmjs.org/combined-stream/-/combined-stream-1.0.8.tgz"
  dependencies:
    delayed-stream "~1.0.0"

commander@^2.20.3:
  version "2.20.3"
  resolved "https://registry.npmjs.org/commander/-/commander-2.20.3.tgz"

concat-map@0.0.1:
  version "0.0.1"
  resolved "https://registry.npmjs.org/concat-map/-/concat-map-0.0.1.tgz"

cross-fetch@^3.1.5:
  version "3.1.5"
  resolved "https://registry.npmjs.org/cross-fetch/-/cross-fetch-3.1.5.tgz"
  dependencies:
    node-fetch "2.6.7"

crypto-hash@^1.3.0:
  version "1.3.0"
  resolved "https://registry.npmjs.org/crypto-hash/-/crypto-hash-1.3.0.tgz"

decimal.js-light@^2.5.1:
  version "2.5.1"
  resolved "https://registry.npmjs.org/decimal.js-light/-/decimal.js-light-2.5.1.tgz"

delay@^5.0.0:
  version "5.0.0"
  resolved "https://registry.npmjs.org/delay/-/delay-5.0.0.tgz"

delayed-stream@~1.0.0:
  version "1.0.0"
  resolved "https://registry.npmjs.org/delayed-stream/-/delayed-stream-1.0.0.tgz"

dot-case@^3.0.4:
  version "3.0.4"
  resolved "https://registry.npmjs.org/dot-case/-/dot-case-3.0.4.tgz"
  dependencies:
    no-case "^3.0.4"
    tslib "^2.0.3"

dotenv@10.0.0:
  version "10.0.0"
  resolved "https://registry.npmjs.org/dotenv/-/dotenv-10.0.0.tgz"

dotenv@^16.0.3:
  version "16.0.3"
  resolved "https://registry.npmjs.org/dotenv/-/dotenv-16.0.3.tgz"

es6-promise@^4.0.3:
  version "4.2.8"
  resolved "https://registry.npmjs.org/es6-promise/-/es6-promise-4.2.8.tgz"

es6-promisify@^5.0.0:
  version "5.0.0"
  resolved "https://registry.npmjs.org/es6-promisify/-/es6-promisify-5.0.0.tgz"
  dependencies:
    es6-promise "^4.0.3"

eventemitter3@^4.0.7:
  version "4.0.7"
  resolved "https://registry.npmjs.org/eventemitter3/-/eventemitter3-4.0.7.tgz"

eyes@^0.1.8:
  version "0.1.8"
  resolved "https://registry.npmjs.org/eyes/-/eyes-0.1.8.tgz"

fast-stable-stringify@^1.0.0:
  version "1.0.0"
  resolved "https://registry.npmjs.org/fast-stable-stringify/-/fast-stable-stringify-1.0.0.tgz"

fecha@^4.2.1:
  version "4.2.3"
  resolved "https://registry.npmjs.org/fecha/-/fecha-4.2.3.tgz"

file-uri-to-path@1.0.0:
  version "1.0.0"
  resolved "https://registry.npmjs.org/file-uri-to-path/-/file-uri-to-path-1.0.0.tgz"

follow-redirects@^1.15.0:
  version "1.15.2"
  resolved "https://registry.npmjs.org/follow-redirects/-/follow-redirects-1.15.2.tgz"

form-data@^4.0.0:
  version "4.0.0"
  resolved "https://registry.npmjs.org/form-data/-/form-data-4.0.0.tgz"
  dependencies:
    asynckit "^0.4.0"
    combined-stream "^1.0.8"
    mime-types "^2.1.12"

fs-extra@~10.0.0:
  version "10.0.1"
  resolved "https://registry.npmjs.org/fs-extra/-/fs-extra-10.0.1.tgz"
  dependencies:
    graceful-fs "^4.2.0"
    jsonfile "^6.0.1"
    universalify "^2.0.0"

graceful-fs@^4.1.6, graceful-fs@^4.2.0, graceful-fs@^4.2.4:
  version "4.2.10"
  resolved "https://registry.npmjs.org/graceful-fs/-/graceful-fs-4.2.10.tgz"

ieee754@^1.2.1:
  version "1.2.1"
  resolved "https://registry.npmjs.org/ieee754/-/ieee754-1.2.1.tgz"

isomorphic-ws@^4.0.1:
  version "4.0.1"
  resolved "https://registry.npmjs.org/isomorphic-ws/-/isomorphic-ws-4.0.1.tgz"

jayson@^3.4.4:
  version "3.7.0"
  resolved "https://registry.npmjs.org/jayson/-/jayson-3.7.0.tgz"
  dependencies:
    "@types/connect" "^3.4.33"
    "@types/node" "^12.12.54"
    "@types/ws" "^7.4.4"
    JSONStream "^1.3.5"
    commander "^2.20.3"
    delay "^5.0.0"
    es6-promisify "^5.0.0"
    eyes "^0.1.8"
    isomorphic-ws "^4.0.1"
    json-stringify-safe "^5.0.1"
    lodash "^4.17.20"
    uuid "^8.3.2"
    ws "^7.4.5"

js-sha256@^0.9.0:
  version "0.9.0"
  resolved "https://registry.npmjs.org/js-sha256/-/js-sha256-0.9.0.tgz"

json-stringify-safe@^5.0.1:
  version "5.0.1"
  resolved "https://registry.npmjs.org/json-stringify-safe/-/json-stringify-safe-5.0.1.tgz"

jsonfile@^6.0.1:
  version "6.1.0"
  resolved "https://registry.npmjs.org/jsonfile/-/jsonfile-6.1.0.tgz"
  dependencies:
    universalify "^2.0.0"
  optionalDependencies:
    graceful-fs "^4.1.6"

jsonparse@^1.2.0:
  version "1.3.1"
  resolved "https://registry.npmjs.org/jsonparse/-/jsonparse-1.3.1.tgz"

lodash@^4.17.20, lodash@^4.17.21:
  version "4.17.21"
  resolved "https://registry.npmjs.org/lodash/-/lodash-4.17.21.tgz"

lower-case@^2.0.2:
  version "2.0.2"
  resolved "https://registry.npmjs.org/lower-case/-/lower-case-2.0.2.tgz"
  dependencies:
    tslib "^2.0.3"

mime-db@1.52.0:
  version "1.52.0"
  resolved "https://registry.npmjs.org/mime-db/-/mime-db-1.52.0.tgz"

mime-types@^2.1.12:
  version "2.1.35"
  resolved "https://registry.npmjs.org/mime-types/-/mime-types-2.1.35.tgz"
  dependencies:
    mime-db "1.52.0"

minimatch@^3.0.5:
  version "3.1.2"
  resolved "https://registry.npmjs.org/minimatch/-/minimatch-3.1.2.tgz"
  dependencies:
    brace-expansion "^1.1.7"

moment@^2.29.4:
  version "2.29.4"
  resolved "https://registry.npmjs.org/moment/-/moment-2.29.4.tgz"

no-case@^3.0.4:
  version "3.0.4"
  resolved "https://registry.npmjs.org/no-case/-/no-case-3.0.4.tgz"
  dependencies:
    lower-case "^2.0.2"
    tslib "^2.0.3"

node-fetch@2, node-fetch@2.6.7:
  version "2.6.7"
  resolved "https://registry.npmjs.org/node-fetch/-/node-fetch-2.6.7.tgz"
  dependencies:
    whatwg-url "^5.0.0"

node-gyp-build@^4.3.0:
  version "4.5.0"
  resolved "https://registry.npmjs.org/node-gyp-build/-/node-gyp-build-4.5.0.tgz"

pako@^2.0.3:
  version "2.1.0"
  resolved "https://registry.npmjs.org/pako/-/pako-2.1.0.tgz"

proper-lockfile@~4.1.2:
  version "4.1.2"
  resolved "https://registry.npmjs.org/proper-lockfile/-/proper-lockfile-4.1.2.tgz"
  dependencies:
    graceful-fs "^4.2.4"
    retry "^0.12.0"
    signal-exit "^3.0.2"

proxy-from-env@^1.1.0:
  version "1.1.0"
  resolved "https://registry.npmjs.org/proxy-from-env/-/proxy-from-env-1.1.0.tgz"

recursive-readdir@~2.2.2:
  version "2.2.3"
  resolved "https://registry.npmjs.org/recursive-readdir/-/recursive-readdir-2.2.3.tgz"
  dependencies:
    minimatch "^3.0.5"

regenerator-runtime@^0.13.4:
  version "0.13.10"
  resolved "https://registry.npmjs.org/regenerator-runtime/-/regenerator-runtime-0.13.10.tgz"

retry@^0.12.0:
  version "0.12.0"
  resolved "https://registry.npmjs.org/retry/-/retry-0.12.0.tgz"

rpc-websockets@^7.5.0:
  version "7.5.0"
  resolved "https://registry.npmjs.org/rpc-websockets/-/rpc-websockets-7.5.0.tgz"
  dependencies:
    "@babel/runtime" "^7.17.2"
    eventemitter3 "^4.0.7"
    uuid "^8.3.2"
    ws "^8.5.0"
  optionalDependencies:
    bufferutil "^4.0.1"
    utf-8-validate "^5.0.2"

safe-buffer@^5.0.1:
  version "5.2.1"
  resolved "https://registry.npmjs.org/safe-buffer/-/safe-buffer-5.2.1.tgz"

signal-exit@^3.0.2:
  version "3.0.7"
  resolved "https://registry.npmjs.org/signal-exit/-/signal-exit-3.0.7.tgz"

snake-case@^3.0.4:
  version "3.0.4"
  resolved "https://registry.npmjs.org/snake-case/-/snake-case-3.0.4.tgz"
  dependencies:
    dot-case "^3.0.4"
    tslib "^2.0.3"

superstruct@^0.14.2:
  version "0.14.2"
  resolved "https://registry.npmjs.org/superstruct/-/superstruct-0.14.2.tgz"

text-encoding-utf-8@^1.0.2:
  version "1.0.2"
  resolved "https://registry.npmjs.org/text-encoding-utf-8/-/text-encoding-utf-8-1.0.2.tgz"

"through@>=2.2.7 <3":
  version "2.3.8"
  resolved "https://registry.npmjs.org/through/-/through-2.3.8.tgz"

toformat@^2.0.0:
  version "2.0.0"
  resolved "https://registry.npmjs.org/toformat/-/toformat-2.0.0.tgz"

toml@^3.0.0:
  version "3.0.0"
  resolved "https://registry.npmjs.org/toml/-/toml-3.0.0.tgz"

tr46@~0.0.3:
  version "0.0.3"
  resolved "https://registry.npmjs.org/tr46/-/tr46-0.0.3.tgz"

tslib@^2.0.3:
  version "2.4.1"
  resolved "https://registry.npmjs.org/tslib/-/tslib-2.4.1.tgz"

tweetnacl@^1.0.3:
  version "1.0.3"
  resolved "https://registry.npmjs.org/tweetnacl/-/tweetnacl-1.0.3.tgz"

universalify@^2.0.0:
  version "2.0.0"
  resolved "https://registry.npmjs.org/universalify/-/universalify-2.0.0.tgz"

utf-8-validate@^5.0.2:
  version "5.0.10"
  resolved "https://registry.npmjs.org/utf-8-validate/-/utf-8-validate-5.0.10.tgz"
  dependencies:
    node-gyp-build "^4.3.0"

uuid@^8.3.2:
  version "8.3.2"
  resolved "https://registry.npmjs.org/uuid/-/uuid-8.3.2.tgz"

webidl-conversions@^3.0.0:
  version "3.0.1"
  resolved "https://registry.npmjs.org/webidl-conversions/-/webidl-conversions-3.0.1.tgz"

whatwg-url@^5.0.0:
  version "5.0.0"
  resolved "https://registry.npmjs.org/whatwg-url/-/whatwg-url-5.0.0.tgz"
  dependencies:
    tr46 "~0.0.3"
    webidl-conversions "^3.0.0"

ws@^7.4.5:
  version "7.5.9"
  resolved "https://registry.npmjs.org/ws/-/ws-7.5.9.tgz"

ws@^8.5.0:
  version "8.9.0"
  resolved "https://registry.npmjs.org/ws/-/ws-8.9.0.tgz"
